{
  "schema_version": "1.0",
  "harness_version": "0.4.0",
  "upstream": {
    "repository": "stauntonjr/agentic-project-template",
    "release": "v0.4.0",
    "commit": "UNPUBLISHED"
  },
  "files": {
    ".agents/skills/execute-engineering-loop/SKILL.md": {
      "sha256": "1aa8f641f3b8fb2223cce4218f903862806ddfb38a70d4bac903dd9002133a12",
      "ownership": "upstream-owned"
    },
    ".agents/skills/execute-engineering-loop/agents/openai.yaml": {
      "sha256": "208d30ce0c88367bcc63080982ee32fa87c24753b09994f392e073a456c8c628",
      "ownership": "upstream-owned"
    },
    ".agents/skills/execute-engineering-loop/references/handoff-contract.md": {
      "sha256": "a0675d49827bf6f3e325bdfb48387ed12f7b4444f9ac10e0c9526a089cfa0f7b",
      "ownership": "upstream-owned"
    },
    ".agents/skills/loop-report/SKILL.md": {
      "sha256": "9e60db0e24632ebd8ff57a4a27c48c0ab79dff1c0228336bc70f7445eb06c051",
      "ownership": "upstream-owned"
    },
    ".agents/skills/loop-report/agents/openai.yaml": {
      "sha256": "51f830d2c7e8e97ecc8583139ff4fb8feaa9ff52a25d18bcf56fd6400986178d",
      "ownership": "upstream-owned"
    },
    ".agents/skills/loop-report/references/report-contract.md": {
      "sha256": "d547a6afddebe3ebeb728c1d602245d490b2dade541ec15ca6c877f6fe6e43ba",
      "ownership": "upstream-owned"
    },
    ".agents/skills/manage-github-planning/SKILL.md": {
      "sha256": "5f0e2f7db68177ba4ebabbf6766153d604b3297384a13f07fd93e06f98521789",
      "ownership": "upstream-owned"
    },
    ".agents/skills/manage-github-planning/agents/openai.yaml": {
      "sha256": "8c38c6baa357b97c9cf49af8c86474e1c5bb6aea9d61da6ba644d015a78ebc9a",
      "ownership": "upstream-owned"
    },
    ".agents/skills/manage-github-planning/references/safety.md": {
      "sha256": "729b4fe170ae0816f0ace67b8668fc796cf64073a7d0ba9d544070f1bbf95677",
      "ownership": "upstream-owned"
    },
    ".agents/skills/project-intake/SKILL.md": {
      "sha256": "8bca3365010ac7b371b5b0f744349e5975dc75c403b056e5c3c5b263bd39d6a4",
      "ownership": "upstream-owned"
    },
    ".agents/skills/project-intake/agents/openai.yaml": {
      "sha256": "b175ab7b8a0126b42148431c7cd893bdbd74543614ba0ae753cdbff57cba263c",
      "ownership": "upstream-owned"
    },
    ".agents/skills/project-intake/references/question-bank.md": {
      "sha256": "dfda5c0ad6994d67ee051f2c4eca02c081679acd6c7562ffbded739c84bf3572",
      "ownership": "upstream-owned"
    },
    ".agents/skills/record-architecture-decision/SKILL.md": {
      "sha256": "2a71ac7d78d03016c47302b476650c42a9c526170f846d9c8a8b54135a8ea69b",
      "ownership": "upstream-owned"
    },
    ".agents/skills/record-architecture-decision/agents/openai.yaml": {
      "sha256": "0c5609008adc2bf0408a20baf83f51fb7a6d83d2ac40cfc8bdb6aa1a7266bcd0",
      "ownership": "upstream-owned"
    },
    ".agents/skills/record-architecture-decision/references/decision-criteria.md": {
      "sha256": "538ec0720dee86b758b25764a77dce5cb16c3a1769f08cae3b4a8264dd58296b",
      "ownership": "upstream-owned"
    },
    ".agents/skills/release-readiness/SKILL.md": {
      "sha256": "99e49d51b51a469b0a60d1060513a717cdffcf756889169a16ae5929b3abdac9",
      "ownership": "upstream-owned"
    },
    ".agents/skills/release-readiness/agents/openai.yaml": {
      "sha256": "fec5c0c9d7328670070867616ee402f9df0a3cfa8bcd607d4a29937c1eafa5e3",
      "ownership": "upstream-owned"
    },
    ".agents/skills/release-readiness/references/checklist.md": {
      "sha256": "d9bbd1e43d0843dcd7cdddf4ee967f2855a1624771427380cc2051c3776425a2",
      "ownership": "upstream-owned"
    },
    ".agents/skills/research-existing-solutions/SKILL.md": {
      "sha256": "2c78e5f9df03aab6ebfd6c2f42ae67963a6d73445dc94a70d34a50830042f990",
      "ownership": "upstream-owned"
    },
    ".agents/skills/research-existing-solutions/agents/openai.yaml": {
      "sha256": "e4b233d399fa2a148ee39343210348be3b21f5d2a18d4be1046eb99aa3b4ba79",
      "ownership": "upstream-owned"
    },
    ".agents/skills/research-existing-solutions/references/research-contract.md": {
      "sha256": "1e84370796adf7d02bab7ecb86b8d26a446d05e3d233e7e5d8c20021385a746e",
      "ownership": "upstream-owned"
    },
    ".agents/skills/research-existing-solutions/references/source-hubs.md": {
      "sha256": "8598fd4d781087837a2105f9819081022b475d5723d4d46d1471965f37b2a567",
      "ownership": "upstream-owned"
    },
    ".codex/agents/harness-explorer.toml": {
      "sha256": "0b48c07bfbc06f4c0f4e36e005b9f1c98355ddca923dabb872c79384929bbb45",
      "ownership": "upstream-owned"
    },
    ".codex/agents/harness-implementer.toml": {
      "sha256": "0e31648bc1c5d700664dbf17bbdb744402600717dec90a86112ec9fe94f33223",
      "ownership": "upstream-owned"
    },
    ".codex/agents/harness-release-steward.toml": {
      "sha256": "197501b77857e4424f5132abbb0cde8687eaa065ab041123b4692d447f0be43c",
      "ownership": "upstream-owned"
    },
    ".codex/agents/harness-verifier.toml": {
      "sha256": "9787ce8c30084fcf4128a997f848e0a4bd1527df046141caf4286ce774ba9b9a",
      "ownership": "upstream-owned"
    },
    ".codex/config.toml": {
      "sha256": "f7535335476f613e129fcffce94c45111523c5ad75dacdf6d44c64f5f2e809dd",
      "ownership": "merge-required"
    },
    ".github/ISSUE_TEMPLATE/bug.yml": {
      "sha256": "cf2b4f87176d9921a73418bab7ebda48ed434861c795e1429fe0d565b2bb1f97",
      "ownership": "merge-required"
    },
    ".github/ISSUE_TEMPLATE/config.yml": {
      "sha256": "85822fce35578fcc420331e61c9633e5ec4ad837eca86a76534c452f67794679",
      "ownership": "merge-required"
    },
    ".github/ISSUE_TEMPLATE/decision.yml": {
      "sha256": "e34d4d78d981bcdd6a42e360a583274cdebf23705484c9314ac413f33e3ef908",
      "ownership": "merge-required"
    },
    ".github/ISSUE_TEMPLATE/feature.yml": {
      "sha256": "cb6e0d77d6121eddbc888c898d39cf67850bfb023fa26e67dafd1e0c7e7e81b8",
      "ownership": "merge-required"
    },
    ".github/planning.json": {
      "sha256": "c6aba1444bd7f7e9f7209084e3e32843caf79c46342268f95ff22e5cf17415e3",
      "ownership": "project-owned"
    },
    ".github/pull_request_template.md": {
      "sha256": "0e3a293e9328bd1350fa90cc3cb971de99383e29ff1c93f8807a3185472e9bf9",
      "ownership": "merge-required"
    },
    ".github/workflows/harness-release.yml": {
      "sha256": "74c1d214143a8a4ea3a1fdbcf81d7dc12e2cdb0e05ff69cfe57621e7ae37795d",
      "ownership": "merge-required"
    },
    ".github/workflows/harness-upgrade.yml": {
      "sha256": "06b471b5efa052649b211d47d18b28a1c957c8c48784b8cb30494dc0041b2a46",
      "ownership": "merge-required"
    },
    ".github/workflows/harness.yml": {
      "sha256": "cf8a45f443c5a35090fcc040a72b657ba527af158cd07e89321aff1e073ff918",
      "ownership": "merge-required"
    },
    ".gitignore": {
      "sha256": "b7fea6f04354e2eb790badcf1d21348ced21bf79f741048b7d71ab2027b91629",
      "ownership": "merge-required"
    },
    ".pi/extensions/context-readiness.ts": {
      "sha256": "b0d3d666f9a47c2aaf0179a2d08fc0409694cb30ff37d77b4e7bf0903e195dc2",
      "ownership": "upstream-owned"
    },
    ".pi/prompts/harness-intake.md": {
      "sha256": "b153ace2e4fa2444c26c01deb0038a6df7a2f240c4234db3fe77c766e77f93db",
      "ownership": "upstream-owned"
    },
    ".pi/prompts/harness-loop.md": {
      "sha256": "e072163f6a1110bf8170b10158fb53d66ba870aaaf497d957b11dcf5ae0a67e0",
      "ownership": "upstream-owned"
    },
    ".pi/prompts/harness-report.md": {
      "sha256": "72aa0cca59da009419e9071b49543474ea20adb5abef99d27407ea06cf7e7cc4",
      "ownership": "upstream-owned"
    },
    ".pi/prompts/harness-research.md": {
      "sha256": "da8cb6eb029fa31cc9c4b29ea53287649e6b6ee6019da0cfe1d5fc426153e6c8",
      "ownership": "upstream-owned"
    },
    ".pi/settings.json": {
      "sha256": "a02cdf78b766dc59e569198bf18bf52ea685d2f44adf60c69fea566e21450246",
      "ownership": "merge-required"
    },
    "AGENTS.md": {
      "sha256": "2459e15ad57d462af1ec0a78973f42212906c1a2d637e649c4168496a6cccd03",
      "ownership": "merge-required"
    },
    "LICENSE": {
      "sha256": "096633e7fc86d71172d976ed2b00baaeee861fdd805f312c4698144c4c3355a6",
      "ownership": "merge-required"
    },
    "Makefile": {
      "sha256": "75501fecd5820405232b60a4ee1af6310fee722df675d8917bbb3069b5456b8c",
      "ownership": "merge-required"
    },
    "README.md": {
      "sha256": "2be7bda90bb59fcc4b3bbb106092aa14dbcc7b439075671ad0ec1bc1a00ed318",
      "ownership": "merge-required"
    },
    "SECURITY.md": {
      "sha256": "48c4d2590f40162865dffd7852e1db80be64f6d4eb00a5f036741284f9303227",
      "ownership": "merge-required"
    },
    "docs/adr/000-template.md": {
      "sha256": "c43d6404d6ed0343fd2f3598a59a91a39ce4e533661f26b71b66463e60877525",
      "ownership": "project-owned"
    },
    "docs/adr/0001-agentic-harness-authority.md": {
      "sha256": "d8623d811d1ffb17e079abc8108c99c9615b19c2b3d6eb13a1fa7c0d4cc25f8c",
      "ownership": "project-owned"
    },
    "docs/adr/0002-one-repository-harness-lifecycle.md": {
      "sha256": "247982d9104632006ce111804c5b36f2ceab287b56d9eed86f13c721bc8e503e",
      "ownership": "project-owned"
    },
    "docs/adr/0003-pi-reference-adapter.md": {
      "sha256": "785ef995b40420a5ce453f6b90ceed905279667ac9cdf7b09cd4386eca3a6a24",
      "ownership": "project-owned"
    },
    "docs/adr/0004-loop-integrity-evidence-and-scope.md": {
      "sha256": "9a5b8720be31b1aba35e95b7fd9b339a7872463055f096b52bfd1fbd5f74ab2c",
      "ownership": "project-owned"
    },
    "docs/project/charter.md": {
      "sha256": "ae4774ee794f7dae4ba598726f92c24710864697f74d9b9ac78d8fdff427fe30",
      "ownership": "project-owned"
    },
    "docs/project/handoff.md": {
      "sha256": "40808d9a9c638702fe423f0bf1bb6bcdd1e4026eb4e1511b0e662bd1542ae5bc",
      "ownership": "project-owned"
    },
    "docs/project/working-agreements.md": {
      "sha256": "eb72b818502d4995ce06838465bb1d5d8bc42caff1f53795dee9fbeb4d03323b",
      "ownership": "project-owned"
    },
    "docs/research/landscape.md": {
      "sha256": "8efc0691a945bddac14bc8db7c2b62d3decfb0d956594ad61ac714b045505a6a",
      "ownership": "project-owned"
    },
    "harness/adapters/codex.json": {
      "sha256": "133f2d6e6a1fe499f262dfb369a5d808f8b31cc1ae071674ebba3f0f56cf75a6",
      "ownership": "upstream-owned"
    },
    "harness/adapters/pi.json": {
      "sha256": "d7c964417f5f733c7c6adb03cb2f0f67764bd475d8f28630bb4d022356577ea6",
      "ownership": "upstream-owned"
    },
    "harness/challenges/CHALLENGE_TEMPLATE.json": {
      "sha256": "424ac0d26e06e1d504e9da433eb9c9d291e7b2169fdd888cdede0076bedcf5c5",
      "ownership": "upstream-owned"
    },
    "harness/evals/scenarios.json": {
      "sha256": "63375ea946c5bb79b2853e3ff843611fe03b3d2143f33fe12d4ca6914c23477b",
      "ownership": "upstream-owned"
    },
    "harness/fixtures/intake.answers.json": {
      "sha256": "2775690716dd7d25d8098b90db69458584d7032203e25dbf913db97173653c96",
      "ownership": "upstream-owned"
    },
    "harness/loops/engineering-loop.yaml": {
      "sha256": "d461c5a21080052a615981eb920aa54bfadd26ecd4112beaf3e0fa51e603b0d0",
      "ownership": "upstream-owned"
    },
    "harness/migrations/MIGRATION_TEMPLATE.json": {
      "sha256": "00701a9b604137db15e26cc3cf463f8e57df618b06465d52558713d5de62feb6",
      "ownership": "upstream-owned"
    },
    "harness/ownership.json": {
      "sha256": "0d4fdc2721dd4d32f14fc8e0302cddd7091c142d015c576a2236c87ff4e27a98",
      "ownership": "upstream-owned"
    },
    "harness/preferences.example.json": {
      "sha256": "500586e6747936f99a4b5679d86c5fc5f5c24b4d07dccc08d6d35c63e3e3126b",
      "ownership": "upstream-owned"
    },
    "harness/profiles/agent-system.json": {
      "sha256": "36f2a5a0187dda207ac2c6b835a113ae4ed6e693c56d5bb9cd43c2c927e834d8",
      "ownership": "upstream-owned"
    },
    "harness/profiles/generic.json": {
      "sha256": "cdaafe10c2b2419c129fbe7888b8d6b0a7871ca913b3bbd437c376bd3a57f9f9",
      "ownership": "upstream-owned"
    },
    "harness/profiles/python-data.json": {
      "sha256": "f35f754b97d78be810a1e0eb5832c825b060d76e33adae030852bde922f2465a",
      "ownership": "upstream-owned"
    },
    "harness/profiles/web-service.json": {
      "sha256": "6fd79a5c3680ea5c4b6d0341400897d5b87643626d21707cf64694803f742476",
      "ownership": "upstream-owned"
    },
    "harness/project.yaml": {
      "sha256": "86ab40b94d15620f894f18ac17d0d50ab790ad1fdf3dc8de27000087aac4f9ad",
      "ownership": "project-owned"
    },
    "harness/roles/explorer.md": {
      "sha256": "983ccc488c6c6f270ab5ed088ef0d56ffb0f88785acd67736747f5104c34b809",
      "ownership": "upstream-owned"
    },
    "harness/roles/human-owner.md": {
      "sha256": "dfafdb7f9c4cec1baa12f39e6a9e4c269db003501b12eadb5f8ae55195a4ec65",
      "ownership": "upstream-owned"
    },
    "harness/roles/implementer.md": {
      "sha256": "d2a3eb792145f40eed8eb82ebf8b213d6d2ad86460c55de53c4864f84fe41cc7",
      "ownership": "upstream-owned"
    },
    "harness/roles/orchestrator.md": {
      "sha256": "dbf9af8aae3e0dfb4fdd24549d07586165acd4fd62e25aefca7ac284abc93dae",
      "ownership": "upstream-owned"
    },
    "harness/roles/release-steward.md": {
      "sha256": "fd9eb935eb70e5b0b566cd4556dc75c0bc3ee0c9e54ddb6a225c8ae3baea3fc9",
      "ownership": "upstream-owned"
    },
    "harness/roles/verifier.md": {
      "sha256": "6370c2c5dba29e0130e492a1794069417382454c9685dd29415ea3c861f7f77e",
      "ownership": "upstream-owned"
    },
    "harness/schemas/challenge.schema.json": {
      "sha256": "ed231c41e61c02d9358c670def1a6245130f896caea14db9d025513f43d055bb",
      "ownership": "upstream-owned"
    },
    "harness/schemas/eval-scenarios.schema.json": {
      "sha256": "e1d193b8ce7fee0394b4f621733214f4f0374de54216d1f28a2ba733e5d06a79",
      "ownership": "upstream-owned"
    },
    "harness/schemas/intake.schema.json": {
      "sha256": "4b5ce968fda4d6f4df48b8931d9f786fdfb43cfa54f15237076b668c80bbb6a8",
      "ownership": "upstream-owned"
    },
    "harness/schemas/lock.schema.json": {
      "sha256": "8888b0b4e77913a74b70333ea59ddad057415b0379888fd3296fd7c6c11eccce",
      "ownership": "upstream-owned"
    },
    "harness/schemas/loop-report.schema.json": {
      "sha256": "7e4edc5554b7792cf3f2c4eb707cd4c9bcdfcb1fed70122ba0d411f3ea7e3e44",
      "ownership": "upstream-owned"
    },
    "harness/schemas/loop-run.schema.json": {
      "sha256": "24804b7c8dd25da1ddb355a2b0a19adf436038b8eafe3ca8b63da00f8e1c6930",
      "ownership": "upstream-owned"
    },
    "harness/schemas/migration.schema.json": {
      "sha256": "353adfbbba33a86a44426f2cb7acaf2b40b2989481bef20134bb6eb1841045b9",
      "ownership": "upstream-owned"
    },
    "harness/schemas/ownership.schema.json": {
      "sha256": "c4ba5bfd244562f9966ea29ceda83daabc7730ec53814acf1f51dac47b98b51a",
      "ownership": "upstream-owned"
    },
    "harness/schemas/preferences.schema.json": {
      "sha256": "479b4ef12c60b131d3697774fc74d2be771e64d3de979b8bc01dd83735db4ccf",
      "ownership": "upstream-owned"
    },
    "harness/schemas/project.schema.json": {
      "sha256": "38e609172186e5e3e9327389dd3e6abcdf33cec800920d959262c3132ed06306",
      "ownership": "upstream-owned"
    },
    "harness/schemas/provider-adapter.schema.json": {
      "sha256": "8e5ae1c8e17015ff6296eb53311d221327781e0c492eca4debb6b2ba9c1a95fa",
      "ownership": "upstream-owned"
    },
    "harness/version.json": {
      "sha256": "dbab159c64303bd6522027fa2dd8d69c4cbfb1a670be006b98238c33802a661b",
      "ownership": "upstream-owned"
    },
    "pyproject.toml": {
      "sha256": "335cd214174f7fe3506518c33f07c0ce689a9974bbc501a2fa01732681fe460e",
      "ownership": "merge-required"
    },
    "tests/test_challenges.py": {
      "sha256": "d84d496abd34b59d2bfc576adf7b8de10c99e98501da5a8bfef7e1f9f75ac7c1",
      "ownership": "upstream-owned"
    },
    "tests/test_evaluate_harness.py": {
      "sha256": "d59135875a03a0b578d1a00e16313a3aa1094dc5734a92cd8a15741140b338a5",
      "ownership": "upstream-owned"
    },
    "tests/test_github_planning.py": {
      "sha256": "586e09e9e2ca81586222a0a1c44f41fcde5acd312840d9fd0467dcafb54f590b",
      "ownership": "upstream-owned"
    },
    "tests/test_harness_check.py": {
      "sha256": "d6d49527edfa5ed82b980f4da916e3fcdef35accf7a0c2360a8e46fb0de42eb3",
      "ownership": "upstream-owned"
    },
    "tests/test_harness_upgrade.py": {
      "sha256": "cfca16f2a3c8f013cc92151c0f0747fc5f125ca8b7d59e2236089ffde82af9b3",
      "ownership": "upstream-owned"
    },
    "tests/test_loop.py": {
      "sha256": "3e09d2d35f730db525ed4496479c78eafd2ccbc76ed4431ec3f6f47bb4937022",
      "ownership": "upstream-owned"
    },
    "tests/test_pi_adapter_check.py": {
      "sha256": "e688798823fbaeadd621eff8214cfc0b99f90075d5761ad8c6570fb29760633d",
      "ownership": "upstream-owned"
    },
    "tests/test_project_intake.py": {
      "sha256": "57343ba4cf4f8c148cc9d310f26d35dc83f34a07ab4c961f7a462acebfdcdd90",
      "ownership": "upstream-owned"
    },
    "tools/__init__.py": {
      "sha256": "4328e48cc8a040b891741dae7ad407523d88c2491daa868b6ba7a4a5dee3169a",
      "ownership": "upstream-owned"
    },
    "tools/common.py": {
      "sha256": "02e55939e88062b0ff0679caa9d273bb20e2216e71924d4e37a73cc182d05a25",
      "ownership": "upstream-owned"
    },
    "tools/evaluate_harness.py": {
      "sha256": "9d34c318461d056b4b913a7200ab4aab808389b7e7e8e30ad5be1cc443c17984",
      "ownership": "upstream-owned"
    },
    "tools/github_planning.py": {
      "sha256": "d1e79656bf57c6593ea727760adb5322b02f5d2ac8ed0f30adc864f5c13358a8",
      "ownership": "upstream-owned"
    },
    "tools/harness_check.py": {
      "sha256": "91eaa7f52c0828e13a22e252f52077df610941b43ee9594888075b17512cd65f",
      "ownership": "upstream-owned"
    },
    "tools/harness_upgrade.py": {
      "sha256": "37c13aa450b91c8c254cc3743139e903a1f146dd5a7f82043f6914f5c98087cc",
      "ownership": "upstream-owned"
    },
    "tools/loop.py": {
      "sha256": "151900d7b7824403cfeaf168dc8fdddc06c1a51e9b5fffaac3073bb0c5377e58",
      "ownership": "upstream-owned"
    },
    "tools/pi_adapter_check.py": {
      "sha256": "4d62ea7b243506c9cdc5c2a21d1f675fcb6536ac9d392299388b37d44c96fdae",
      "ownership": "upstream-owned"
    },
    "tools/project_intake.py": {
      "sha256": "eb64c5c224f75b1f5d6fee5480416601a17dd90f48bcf7e093f728731fccf039",
      "ownership": "upstream-owned"
    },
    "tools/run_challenges.py": {
      "sha256": "411eb02a43caf6a46e0e1b58b5e32cbe8a256acbe5c89178f9490c15cae67ebb",
      "ownership": "upstream-owned"
    }
  }
}
